
Microsoft Visual Studio Solution File, Format Version 12.00
# Visual Studio Version 16
VisualStudioVersion = 16.0.31313.79
MinimumVisualStudioVersion = 10.0.40219.1
Project("{FAE04EC0-301F-11D3-BF4B-00C04F79EFBC}") = "methodExercise2", "methodExercise2\methodExercise2.csproj", "{BC873237-24AB-4B25-ADAA-A91389FF5EBC}"
EndProject
Global
	GlobalSection(SolutionConfigurationPlatforms) = preSolution
		Debug|Any CPU = Debug|Any CPU
		Release|Any CPU = Release|Any CPU
	EndGlobalSection
	GlobalSection(ProjectConfigurationPlatforms) = postSolution
		{BC873237-24AB-4B25-ADAA-A91389FF5EBC}.Debug|Any CPU.ActiveCfg = Debug|Any CPU
		{BC873237-24AB-4B25-ADAA-A91389FF5EBC}.Debug|Any CPU.Build.0 = Debug|Any CPU
		{BC873237-24AB-4B25-ADAA-A91389FF5EBC}.Release|Any CPU.ActiveCfg = Release|Any CPU
		{BC873237-24AB-4B25-ADAA-A91389FF5EBC}.Release|Any CPU.Build.0 = Release|Any CPU
	EndGlobalSection
	GlobalSection(SolutionProperties) = preSolution
		HideSolutionNode = FALSE
	EndGlobalSection
	GlobalSection(ExtensibilityGlobals) = postSolution
		SolutionGuid = {DDB209ED-43A7-423B-987D-106226995B8E}
	EndGlobalSection
EndGlobal
